
Microsoft Visual Studio Solution File, Format Version 12.00
# Visual Studio Version 17
VisualStudioVersion = 17.5.33627.172
MinimumVisualStudioVersion = 10.0.40219.1
Project("{9A19103F-16F7-4668-BE54-9A1E7A4F7556}") = "GoogleKeep", "GoogleKeep\GoogleKeep.csproj", "{C493F74C-64A7-4725-B973-68A5519B1825}"
EndProject
Project("{FAE04EC0-301F-11D3-BF4B-00C04F79EFBC}") = "GoogleKeep.Test", "GoogleKeep.Test\GoogleKeep.Test.csproj", "{315EEF07-438C-4E93-8CB7-B19011978893}"
EndProject
Global
	GlobalSection(SolutionConfigurationPlatforms) = preSolution
		Debug|Any CPU = Debug|Any CPU
		Release|Any CPU = Release|Any CPU
	EndGlobalSection
	GlobalSection(ProjectConfigurationPlatforms) = postSolution
		{C493F74C-64A7-4725-B973-68A5519B1825}.Debug|Any CPU.ActiveCfg = Debug|Any CPU
		{C493F74C-64A7-4725-B973-68A5519B1825}.Debug|Any CPU.Build.0 = Debug|Any CPU
		{C493F74C-64A7-4725-B973-68A5519B1825}.Release|Any CPU.ActiveCfg = Release|Any CPU
		{C493F74C-64A7-4725-B973-68A5519B1825}.Release|Any CPU.Build.0 = Release|Any CPU
		{315EEF07-438C-4E93-8CB7-B19011978893}.Debug|Any CPU.ActiveCfg = Debug|Any CPU
		{315EEF07-438C-4E93-8CB7-B19011978893}.Debug|Any CPU.Build.0 = Debug|Any CPU
		{315EEF07-438C-4E93-8CB7-B19011978893}.Release|Any CPU.ActiveCfg = Release|Any CPU
		{315EEF07-438C-4E93-8CB7-B19011978893}.Release|Any CPU.Build.0 = Release|Any CPU
	EndGlobalSection
	GlobalSection(SolutionProperties) = preSolution
		HideSolutionNode = FALSE
	EndGlobalSection
	GlobalSection(ExtensibilityGlobals) = postSolution
		SolutionGuid = {CDAAF485-720C-45CC-8F4F-9728D15E1932}
	EndGlobalSection
EndGlobal
